
Microsoft Visual Studio Solution File, Format Version 12.00
# Visual Studio Version 16
VisualStudioVersion = 16.0.30517.126
MinimumVisualStudioVersion = 10.0.40219.1
Project("{FAE04EC0-301F-11D3-BF4B-00C04F79EFBC}") = "Shop", "Shop\Shop.csproj", "{ECFE1AF9-49C5-4A95-8EEA-458C2C2BD00C}"
EndProject
Global
	GlobalSection(SolutionConfigurationPlatforms) = preSolution
		Debug|Any CPU = Debug|Any CPU
		Release|Any CPU = Release|Any CPU
	EndGlobalSection
	GlobalSection(ProjectConfigurationPlatforms) = postSolution
		{ECFE1AF9-49C5-4A95-8EEA-458C2C2BD00C}.Debug|Any CPU.ActiveCfg = Debug|Any CPU
		{ECFE1AF9-49C5-4A95-8EEA-458C2C2BD00C}.Debug|Any CPU.Build.0 = Debug|Any CPU
		{ECFE1AF9-49C5-4A95-8EEA-458C2C2BD00C}.Release|Any CPU.ActiveCfg = Release|Any CPU
		{ECFE1AF9-49C5-4A95-8EEA-458C2C2BD00C}.Release|Any CPU.Build.0 = Release|Any CPU
	EndGlobalSection
	GlobalSection(SolutionProperties) = preSolution
		HideSolutionNode = FALSE
	EndGlobalSection
	GlobalSection(ExtensibilityGlobals) = postSolution
		SolutionGuid = {217BD1AA-B2D3-4D35-BA1C-A73D2949C769}
	EndGlobalSection
EndGlobal
